
Microsoft Visual Studio Solution File, Format Version 12.00
# Visual Studio Version 17
VisualStudioVersion = 17.11.35327.3
MinimumVisualStudioVersion = 10.0.40219.1
Project("{9A19103F-16F7-4668-BE54-9A1E7A4F7556}") = "PP.Question.Service", "PP.Question.Service\PP.Question.Service.csproj", "{122B96D8-F8CD-414D-9523-B275C83EF834}"
EndProject
Project("{9A19103F-16F7-4668-BE54-9A1E7A4F7556}") = "PP.Module.Question", "..\Modules\PP.Module.Question\PP.Module.Question.csproj", "{6600195C-E46A-4C57-82D1-5EB37742DDF2}"
EndProject
Project("{9A19103F-16F7-4668-BE54-9A1E7A4F7556}") = "PP.Module.Common", "..\Modules\PP.Module.Common\PP.Module.Common.csproj", "{879DA72C-89FA-422B-8308-26ED9769FA47}"
EndProject
Global
	GlobalSection(SolutionConfigurationPlatforms) = preSolution
		Debug|Any CPU = Debug|Any CPU
		Release|Any CPU = Release|Any CPU
	EndGlobalSection
	GlobalSection(ProjectConfigurationPlatforms) = postSolution
		{122B96D8-F8CD-414D-9523-B275C83EF834}.Debug|Any CPU.ActiveCfg = Debug|Any CPU
		{122B96D8-F8CD-414D-9523-B275C83EF834}.Debug|Any CPU.Build.0 = Debug|Any CPU
		{122B96D8-F8CD-414D-9523-B275C83EF834}.Release|Any CPU.ActiveCfg = Release|Any CPU
		{122B96D8-F8CD-414D-9523-B275C83EF834}.Release|Any CPU.Build.0 = Release|Any CPU
		{6600195C-E46A-4C57-82D1-5EB37742DDF2}.Debug|Any CPU.ActiveCfg = Debug|Any CPU
		{6600195C-E46A-4C57-82D1-5EB37742DDF2}.Debug|Any CPU.Build.0 = Debug|Any CPU
		{6600195C-E46A-4C57-82D1-5EB37742DDF2}.Release|Any CPU.ActiveCfg = Release|Any CPU
		{6600195C-E46A-4C57-82D1-5EB37742DDF2}.Release|Any CPU.Build.0 = Release|Any CPU
		{879DA72C-89FA-422B-8308-26ED9769FA47}.Debug|Any CPU.ActiveCfg = Debug|Any CPU
		{879DA72C-89FA-422B-8308-26ED9769FA47}.Debug|Any CPU.Build.0 = Debug|Any CPU
		{879DA72C-89FA-422B-8308-26ED9769FA47}.Release|Any CPU.ActiveCfg = Release|Any CPU
		{879DA72C-89FA-422B-8308-26ED9769FA47}.Release|Any CPU.Build.0 = Release|Any CPU
	EndGlobalSection
	GlobalSection(SolutionProperties) = preSolution
		HideSolutionNode = FALSE
	EndGlobalSection
	GlobalSection(ExtensibilityGlobals) = postSolution
		SolutionGuid = {98B223E0-B51A-49FC-8E6C-B714EAB4ECD9}
	EndGlobalSection
EndGlobal
